
Microsoft Visual Studio Solution File, Format Version 12.00
# Visual Studio 2013
VisualStudioVersion = 12.0.31101.0
MinimumVisualStudioVersion = 10.0.40219.1
Project("{FAE04EC0-301F-11D3-BF4B-00C04F79EFBC}") = "NanoDwgCrawler", "NanoDwgCrawler\NanoDwgCrawler.csproj", "{CF276394-892C-4117-B42C-370CF97CFA32}"
EndProject
Project("{FAE04EC0-301F-11D3-BF4B-00C04F79EFBC}") = "ScanApp", "ScanApp\ScanApp.csproj", "{F378EC4A-5C42-47E6-9A3F-49F83923AE80}"
EndProject
Project("{FAE04EC0-301F-11D3-BF4B-00C04F79EFBC}") = "AnanlyzeApp", "AnanlyzeApp\AnanlyzeApp.csproj", "{3290A963-3761-4D27-9914-22520BB15A93}"
EndProject
Project("{FAE04EC0-301F-11D3-BF4B-00C04F79EFBC}") = "TestRectangleTree", "TestRectangleTree\TestRectangleTree.csproj", "{318E74AA-25A8-483C-9F0F-5EEBA32A03E4}"
EndProject
Project("{FAE04EC0-301F-11D3-BF4B-00C04F79EFBC}") = "TestMongoDb", "TestMongoDb\TestMongoDb.csproj", "{51BDCCE3-116B-4292-A3E2-2FDB64910C44}"
EndProject
Project("{FAE04EC0-301F-11D3-BF4B-00C04F79EFBC}") = "RectangleTree", "RectangleTree\RectangleTree.csproj", "{90909AF6-627E-4720-B900-579A9AFB21A9}"
EndProject
Project("{FAE04EC0-301F-11D3-BF4B-00C04F79EFBC}") = "DatabaseMongo", "DatabaseMongo\DatabaseMongo.csproj", "{EEBC657A-08AE-4C9A-9242-C1D1649ED884}"
EndProject
Global
	GlobalSection(SolutionConfigurationPlatforms) = preSolution
		Debug|Any CPU = Debug|Any CPU
		Debug|Mixed Platforms = Debug|Mixed Platforms
		Debug|x86 = Debug|x86
		Release|Any CPU = Release|Any CPU
		Release|Mixed Platforms = Release|Mixed Platforms
		Release|x86 = Release|x86
	EndGlobalSection
	GlobalSection(ProjectConfigurationPlatforms) = postSolution
		{CF276394-892C-4117-B42C-370CF97CFA32}.Debug|Any CPU.ActiveCfg = Debug|Any CPU
		{CF276394-892C-4117-B42C-370CF97CFA32}.Debug|Any CPU.Build.0 = Debug|Any CPU
		{CF276394-892C-4117-B42C-370CF97CFA32}.Debug|Mixed Platforms.ActiveCfg = Debug|Any CPU
		{CF276394-892C-4117-B42C-370CF97CFA32}.Debug|Mixed Platforms.Build.0 = Debug|Any CPU
		{CF276394-892C-4117-B42C-370CF97CFA32}.Debug|x86.ActiveCfg = Debug|Any CPU
		{CF276394-892C-4117-B42C-370CF97CFA32}.Release|Any CPU.ActiveCfg = Release|Any CPU
		{CF276394-892C-4117-B42C-370CF97CFA32}.Release|Any CPU.Build.0 = Release|Any CPU
		{CF276394-892C-4117-B42C-370CF97CFA32}.Release|Mixed Platforms.ActiveCfg = Release|Any CPU
		{CF276394-892C-4117-B42C-370CF97CFA32}.Release|Mixed Platforms.Build.0 = Release|Any CPU
		{CF276394-892C-4117-B42C-370CF97CFA32}.Release|x86.ActiveCfg = Release|Any CPU
		{F378EC4A-5C42-47E6-9A3F-49F83923AE80}.Debug|Any CPU.ActiveCfg = Debug|x86
		{F378EC4A-5C42-47E6-9A3F-49F83923AE80}.Debug|Mixed Platforms.ActiveCfg = Debug|x86
		{F378EC4A-5C42-47E6-9A3F-49F83923AE80}.Debug|Mixed Platforms.Build.0 = Debug|x86
		{F378EC4A-5C42-47E6-9A3F-49F83923AE80}.Debug|x86.ActiveCfg = Debug|x86
		{F378EC4A-5C42-47E6-9A3F-49F83923AE80}.Debug|x86.Build.0 = Debug|x86
		{F378EC4A-5C42-47E6-9A3F-49F83923AE80}.Release|Any CPU.ActiveCfg = Release|x86
		{F378EC4A-5C42-47E6-9A3F-49F83923AE80}.Release|Mixed Platforms.ActiveCfg = Release|x86
		{F378EC4A-5C42-47E6-9A3F-49F83923AE80}.Release|Mixed Platforms.Build.0 = Release|x86
		{F378EC4A-5C42-47E6-9A3F-49F83923AE80}.Release|x86.ActiveCfg = Release|x86
		{F378EC4A-5C42-47E6-9A3F-49F83923AE80}.Release|x86.Build.0 = Release|x86
		{3290A963-3761-4D27-9914-22520BB15A93}.Debug|Any CPU.ActiveCfg = Debug|x86
		{3290A963-3761-4D27-9914-22520BB15A93}.Debug|Mixed Platforms.ActiveCfg = Debug|x86
		{3290A963-3761-4D27-9914-22520BB15A93}.Debug|Mixed Platforms.Build.0 = Debug|x86
		{3290A963-3761-4D27-9914-22520BB15A93}.Debug|x86.ActiveCfg = Debug|x86
		{3290A963-3761-4D27-9914-22520BB15A93}.Debug|x86.Build.0 = Debug|x86
		{3290A963-3761-4D27-9914-22520BB15A93}.Release|Any CPU.ActiveCfg = Release|x86
		{3290A963-3761-4D27-9914-22520BB15A93}.Release|Mixed Platforms.ActiveCfg = Release|x86
		{3290A963-3761-4D27-9914-22520BB15A93}.Release|Mixed Platforms.Build.0 = Release|x86
		{3290A963-3761-4D27-9914-22520BB15A93}.Release|x86.ActiveCfg = Release|x86
		{3290A963-3761-4D27-9914-22520BB15A93}.Release|x86.Build.0 = Release|x86
		{318E74AA-25A8-483C-9F0F-5EEBA32A03E4}.Debug|Any CPU.ActiveCfg = Debug|Any CPU
		{318E74AA-25A8-483C-9F0F-5EEBA32A03E4}.Debug|Any CPU.Build.0 = Debug|Any CPU
		{318E74AA-25A8-483C-9F0F-5EEBA32A03E4}.Debug|Mixed Platforms.ActiveCfg = Debug|Any CPU
		{318E74AA-25A8-483C-9F0F-5EEBA32A03E4}.Debug|Mixed Platforms.Build.0 = Debug|Any CPU
		{318E74AA-25A8-483C-9F0F-5EEBA32A03E4}.Debug|x86.ActiveCfg = Debug|Any CPU
		{318E74AA-25A8-483C-9F0F-5EEBA32A03E4}.Release|Any CPU.ActiveCfg = Release|Any CPU
		{318E74AA-25A8-483C-9F0F-5EEBA32A03E4}.Release|Any CPU.Build.0 = Release|Any CPU
		{318E74AA-25A8-483C-9F0F-5EEBA32A03E4}.Release|Mixed Platforms.ActiveCfg = Release|Any CPU
		{318E74AA-25A8-483C-9F0F-5EEBA32A03E4}.Release|Mixed Platforms.Build.0 = Release|Any CPU
		{318E74AA-25A8-483C-9F0F-5EEBA32A03E4}.Release|x86.ActiveCfg = Release|Any CPU
		{51BDCCE3-116B-4292-A3E2-2FDB64910C44}.Debug|Any CPU.ActiveCfg = Debug|Any CPU
		{51BDCCE3-116B-4292-A3E2-2FDB64910C44}.Debug|Any CPU.Build.0 = Debug|Any CPU
		{51BDCCE3-116B-4292-A3E2-2FDB64910C44}.Debug|Mixed Platforms.ActiveCfg = Debug|Any CPU
		{51BDCCE3-116B-4292-A3E2-2FDB64910C44}.Debug|Mixed Platforms.Build.0 = Debug|Any CPU
		{51BDCCE3-116B-4292-A3E2-2FDB64910C44}.Debug|x86.ActiveCfg = Debug|Any CPU
		{51BDCCE3-116B-4292-A3E2-2FDB64910C44}.Release|Any CPU.ActiveCfg = Release|Any CPU
		{51BDCCE3-116B-4292-A3E2-2FDB64910C44}.Release|Any CPU.Build.0 = Release|Any CPU
		{51BDCCE3-116B-4292-A3E2-2FDB64910C44}.Release|Mixed Platforms.ActiveCfg = Release|Any CPU
		{51BDCCE3-116B-4292-A3E2-2FDB64910C44}.Release|Mixed Platforms.Build.0 = Release|Any CPU
		{51BDCCE3-116B-4292-A3E2-2FDB64910C44}.Release|x86.ActiveCfg = Release|Any CPU
		{90909AF6-627E-4720-B900-579A9AFB21A9}.Debug|Any CPU.ActiveCfg = Debug|Any CPU
		{90909AF6-627E-4720-B900-579A9AFB21A9}.Debug|Any CPU.Build.0 = Debug|Any CPU
		{90909AF6-627E-4720-B900-579A9AFB21A9}.Debug|Mixed Platforms.ActiveCfg = Debug|Any CPU
		{90909AF6-627E-4720-B900-579A9AFB21A9}.Debug|Mixed Platforms.Build.0 = Debug|Any CPU
		{90909AF6-627E-4720-B900-579A9AFB21A9}.Debug|x86.ActiveCfg = Debug|Any CPU
		{90909AF6-627E-4720-B900-579A9AFB21A9}.Release|Any CPU.ActiveCfg = Release|Any CPU
		{90909AF6-627E-4720-B900-579A9AFB21A9}.Release|Any CPU.Build.0 = Release|Any CPU
		{90909AF6-627E-4720-B900-579A9AFB21A9}.Release|Mixed Platforms.ActiveCfg = Release|Any CPU
		{90909AF6-627E-4720-B900-579A9AFB21A9}.Release|Mixed Platforms.Build.0 = Release|Any CPU
		{90909AF6-627E-4720-B900-579A9AFB21A9}.Release|x86.ActiveCfg = Release|Any CPU
		{EEBC657A-08AE-4C9A-9242-C1D1649ED884}.Debug|Any CPU.ActiveCfg = Debug|Any CPU
		{EEBC657A-08AE-4C9A-9242-C1D1649ED884}.Debug|Any CPU.Build.0 = Debug|Any CPU
		{EEBC657A-08AE-4C9A-9242-C1D1649ED884}.Debug|Mixed Platforms.ActiveCfg = Debug|Any CPU
		{EEBC657A-08AE-4C9A-9242-C1D1649ED884}.Debug|Mixed Platforms.Build.0 = Debug|Any CPU
		{EEBC657A-08AE-4C9A-9242-C1D1649ED884}.Debug|x86.ActiveCfg = Debug|Any CPU
		{EEBC657A-08AE-4C9A-9242-C1D1649ED884}.Release|Any CPU.ActiveCfg = Release|Any CPU
		{EEBC657A-08AE-4C9A-9242-C1D1649ED884}.Release|Any CPU.Build.0 = Release|Any CPU
		{EEBC657A-08AE-4C9A-9242-C1D1649ED884}.Release|Mixed Platforms.ActiveCfg = Release|Any CPU
		{EEBC657A-08AE-4C9A-9242-C1D1649ED884}.Release|Mixed Platforms.Build.0 = Release|Any CPU
		{EEBC657A-08AE-4C9A-9242-C1D1649ED884}.Release|x86.ActiveCfg = Release|Any CPU
	EndGlobalSection
	GlobalSection(SolutionProperties) = preSolution
		HideSolutionNode = FALSE
	EndGlobalSection
EndGlobal
